<?xml version="1.0" encoding="utf-8"?>
<Project ToolsVersion="4.0" xmlns="http://schemas.microsoft.com/developer/msbuild/2003">
  <ItemGroup>
    <Filter Include="Source Files">
      <UniqueIdentifier>{4FC737F1-C7A5-4376-A066-2A32D752A2FF}</UniqueIdentifier>
      <Extensions>cpp;c;cc;cxx;def;odl;idl;hpj;bat;asm;asmx</Extensions>
    </Filter>
    <Filter Include="Header Files">
      <UniqueIdentifier>{93995380-89BD-4b04-88EB-625FBE52EBFB}</UniqueIdentifier>
      <Extensions>h;hpp;hxx;hm;inl;inc;xsd</Extensions>
    </Filter>
    <Filter Include="Resource Files">
      <UniqueIdentifier>{67DA6AB6-F800-4c08-8B7A-83BB121AAD01}</UniqueIdentifier>
      <Extensions>rc;ico;cur;bmp;dlg;rc2;rct;bin;rgs;gif;jpg;jpeg;jpe;resx;tiff;tif;png;wav;mfcribbon-ms</Extensions>
    </Filter>
  </ItemGroup>
  <ItemGroup>
    <ClInclude Include="include\stdafx.h">
      <Filter>Header Files</Filter>
    </ClInclude>
    <ClInclude Include="include\targetver.h">
      <Filter>Header Files</Filter>
    </ClInclude>
    <ClInclude Include="include\GraphicsEngine\GraphicEngine.h">
      <Filter>Header Files</Filter>
    </ClInclude>
    <ClInclude Include="include\InputManagement\InputManager.h">
      <Filter>Header Files</Filter>
    </ClInclude>
    <ClInclude Include="include\GraphicsEngine\GraphicObjects\Drawables\Drawable.h">
      <Filter>Header Files</Filter>
    </ClInclude>
    <ClInclude Include="include\GraphicsEngine\GraphicObjects\Drawables\EntityDrawable.h">
      <Filter>Header Files</Filter>
    </ClInclude>
    <ClInclude Include="include\GraphicsEngine\GraphicObjects\Entities\MapBlock.h">
      <Filter>Header Files</Filter>
    </ClInclude>
    <ClInclude Include="include\GraphicsEngine\GraphicObjects\Groups\MapBlockGroup.h">
      <Filter>Header Files</Filter>
    </ClInclude>
    <ClInclude Include="include\GraphicsEngine\GraphicObjects\Entities\StaticBackground.h">
      <Filter>Header Files</Filter>
    </ClInclude>
    <ClInclude Include="include\GraphicsEngine\GraphicObjects\Drawables\PlaneDrawable.h">
      <Filter>Header Files</Filter>
    </ClInclude>
    <ClInclude Include="include\GraphicsEngine\GraphicObjects\Entities\Sprite.h">
      <Filter>Header Files</Filter>
    </ClInclude>
    <ClInclude Include="include\GraphicsEngine\GraphicObjects\Drawables\BillboardDrawable.h">
      <Filter>Header Files</Filter>
    </ClInclude>
    <ClInclude Include="include\GraphicsEngine\GraphicObjects\Drawables\ImageOverlay.h">
      <Filter>Header Files</Filter>
    </ClInclude>
    <ClInclude Include="include\GraphicsEngine\Factories\AnimeComponentFactory.h">
      <Filter>Header Files</Filter>
    </ClInclude>
    <ClInclude Include="include\GraphicsEngine\Factories\OverlayPanelFactory.h">
      <Filter>Header Files</Filter>
    </ClInclude>
    <ClInclude Include="include\SystemManagement\SystemManager.h">
      <Filter>Header Files</Filter>
    </ClInclude>
    <ClInclude Include="include\Utility\Status.h">
      <Filter>Header Files</Filter>
    </ClInclude>
    <ClInclude Include="include\QueueManagement\Objects\MessageQueue.h">
      <Filter>Header Files</Filter>
    </ClInclude>
    <ClInclude Include="include\GraphicsEngine\Managers\EntityManagement\AnimeManager.h">
      <Filter>Header Files</Filter>
    </ClInclude>
    <ClInclude Include="include\GraphicsEngine\Managers\FrameManagement\FrameManager.h">
      <Filter>Header Files</Filter>
    </ClInclude>
    <ClInclude Include="include\GraphicsEngine\Managers\ConversationManagement\ConversationManager.h">
      <Filter>Header Files</Filter>
    </ClInclude>
    <ClInclude Include="include\GraphicsEngine\Listeners\WindowListener.h">
      <Filter>Header Files</Filter>
    </ClInclude>
    <ClInclude Include="include\InputManagement\Listeners\InputBroker.h">
      <Filter>Header Files</Filter>
    </ClInclude>
    <ClInclude Include="include\InputManagement\InputManagerMessages.h">
      <Filter>Header Files</Filter>
    </ClInclude>
    <ClInclude Include="include\InputManagement\InputManagerFsm.h">
      <Filter>Header Files</Filter>
    </ClInclude>
    <ClInclude Include="include\GraphicsEngine\GraphicEngineMessages.h">
      <Filter>Header Files</Filter>
    </ClInclude>
    <ClInclude Include="include\GraphicsEngine\GraphicEngineFsm.h">
      <Filter>Header Files</Filter>
    </ClInclude>
    <ClInclude Include="include\SystemManagement\SystemManagerMessages.h">
      <Filter>Header Files</Filter>
    </ClInclude>
    <ClInclude Include="include\SystemManagement\SystemManagerFsm.h">
      <Filter>Header Files</Filter>
    </ClInclude>
    <ClInclude Include="include\QueueManagement\Objects\AbstractMessage.h">
      <Filter>Header Files</Filter>
    </ClInclude>
    <ClInclude Include="include\QueueManagement\MessageManager.h">
      <Filter>Header Files</Filter>
    </ClInclude>
    <ClInclude Include="include\QueueManagement\QueueManager.h">
      <Filter>Header Files</Filter>
    </ClInclude>
    <ClInclude Include="include\LoggingManagement\LogManager.h">
      <Filter>Header Files</Filter>
    </ClInclude>
    <ClInclude Include="include\LoggingManagement\LogMessage.h">
      <Filter>Header Files</Filter>
    </ClInclude>
    <ClInclude Include="include\LoggingManagement\LogConfig.h">
      <Filter>Header Files</Filter>
    </ClInclude>
  </ItemGroup>
  <ItemGroup>
    <ClCompile Include="src\stdafx.cpp">
      <Filter>Source Files</Filter>
    </ClCompile>
    <ClCompile Include="src\ProgramEntry.cpp">
      <Filter>Source Files</Filter>
    </ClCompile>
    <ClCompile Include="src\GraphicsEngine\GraphicEngine.cpp">
      <Filter>Source Files</Filter>
    </ClCompile>
    <ClCompile Include="src\InputManagement\InputManager.cpp">
      <Filter>Source Files</Filter>
    </ClCompile>
    <ClCompile Include="src\GraphicsEngine\GraphicObjects\Drawables\Drawable.cpp">
      <Filter>Source Files</Filter>
    </ClCompile>
    <ClCompile Include="src\GraphicsEngine\GraphicObjects\Drawables\EntityDrawable.cpp">
      <Filter>Source Files</Filter>
    </ClCompile>
    <ClCompile Include="src\GraphicsEngine\GraphicObjects\Entities\MapBlock.cpp">
      <Filter>Source Files</Filter>
    </ClCompile>
    <ClCompile Include="src\GraphicsEngine\GraphicObjects\Groups\MapBlockGroup.cpp">
      <Filter>Source Files</Filter>
    </ClCompile>
    <ClCompile Include="src\GraphicsEngine\GraphicObjects\Entities\StaticBackground.cpp">
      <Filter>Source Files</Filter>
    </ClCompile>
    <ClCompile Include="src\GraphicsEngine\GraphicObjects\Drawables\PlaneDrawable.cpp">
      <Filter>Source Files</Filter>
    </ClCompile>
    <ClCompile Include="src\GraphicsEngine\GraphicObjects\Entities\Sprite.cpp">
      <Filter>Source Files</Filter>
    </ClCompile>
    <ClCompile Include="src\GraphicsEngine\GraphicObjects\Drawables\BillboardDrawable.cpp">
      <Filter>Source Files</Filter>
    </ClCompile>
    <ClCompile Include="src\GraphicsEngine\GraphicObjects\Drawables\ImageOverlay.cpp">
      <Filter>Source Files</Filter>
    </ClCompile>
    <ClCompile Include="src\SystemManagement\SystemManager.cpp">
      <Filter>Source Files</Filter>
    </ClCompile>
    <ClCompile Include="src\QueueManagement\Objects\MessageQueue.cpp">
      <Filter>Source Files</Filter>
    </ClCompile>
    <ClCompile Include="src\GraphicsEngine\Managers\EntityManagement\AnimeManager.cpp">
      <Filter>Source Files</Filter>
    </ClCompile>
    <ClCompile Include="src\GraphicsEngine\Managers\FrameManagement\FrameManager.cpp">
      <Filter>Source Files</Filter>
    </ClCompile>
    <ClCompile Include="src\GraphicsEngine\Managers\ConversationManagement\ConversationManager.cpp">
      <Filter>Source Files</Filter>
    </ClCompile>
    <ClCompile Include="src\GraphicsEngine\Factories\AnimeComponentFactory.cpp">
      <Filter>Source Files</Filter>
    </ClCompile>
    <ClCompile Include="src\GraphicsEngine\Factories\OverlayPanelFactory.cpp">
      <Filter>Source Files</Filter>
    </ClCompile>
    <ClCompile Include="src\GraphicsEngine\Listeners\WindowListener.cpp">
      <Filter>Source Files</Filter>
    </ClCompile>
    <ClCompile Include="src\InputManagement\Listeners\InputBroker.cpp">
      <Filter>Source Files</Filter>
    </ClCompile>
    <ClCompile Include="src\GraphicsEngine\GraphicEngineControl.cpp">
      <Filter>Source Files</Filter>
    </ClCompile>
    <ClCompile Include="src\SystemManagement\SystemManagerControl.cpp">
      <Filter>Source Files</Filter>
    </ClCompile>
    <ClCompile Include="src\InputManagement\InputManagerApi.cpp">
      <Filter>Source Files</Filter>
    </ClCompile>
    <ClCompile Include="src\GraphicsEngine\GraphicEngineApi.cpp">
      <Filter>Source Files</Filter>
    </ClCompile>
    <ClCompile Include="src\SystemManagement\SystemManagerCallbacks.cpp">
      <Filter>Source Files</Filter>
    </ClCompile>
    <ClCompile Include="src\QueueManagement\QueueManager.cpp">
      <Filter>Source Files</Filter>
    </ClCompile>
    <ClCompile Include="src\LoggingManagement\LogManager.cpp">
      <Filter>Source Files</Filter>
    </ClCompile>
  </ItemGroup>
</Project>